{
  "name": "@pancakeswap/v3-periphery",
  "version": "1.0.2",
  "lockfileVersion": 3,
  "requires": true,
  "packages": {
    "": {
      "name": "@pancakeswap/v3-periphery",
      "version": "1.0.2",
      "license": "GPL-2.0-or-later",
      "devDependencies": {
        "@openzeppelin/contracts": "3.4.2-solc-0.7",
        "@openzeppelin/contracts-upgradeable": "3.4.2-solc-0.7",
        "@pancakeswap/v3-core": "*",
        "@uniswap/lib": "^4.0.1-alpha"
      },
      "engines": {
        "node": ">=10"
      }
    },
    "node_modules/@openzeppelin/contracts": {
      "version": "3.4.2-solc-0.7",
      "resolved": "https://registry.npmjs.org/@openzeppelin/contracts/-/contracts-3.4.2-solc-0.7.tgz",
      "integrity": "sha512-W6QmqgkADuFcTLzHL8vVoNBtkwjvQRpYIAom7KiUNoLKghyx3FgH0GBjt8NRvigV1ZmMOBllvE1By1C+bi8WpA==",
      "dev": true
    },
    "node_modules/@openzeppelin/contracts-upgradeable": {
      "version": "3.4.2-solc-0.7",
      "resolved": "https://registry.npmjs.org/@openzeppelin/contracts-upgradeable/-/contracts-upgradeable-3.4.2-solc-0.7.tgz",
      "integrity": "sha512-I5iKKS8U9L1XdSxsNAIBQekN0U9hTgdleoyntIdR7Jy3U/z/NZ/1oUM0v5HnUMrmn/bXLvYL94rBvaLF++Ndnw==",
      "dev": true
    },
    "node_modules/@pancakeswap/v3-core": {
      "version": "1.0.2",
      "resolved": "https://registry.npmjs.org/@pancakeswap/v3-core/-/v3-core-1.0.2.tgz",
      "integrity": "sha512-9aZU8I1J6SbZOSW7NcNxuyaAC17tGkOaZJM9aJgvl6MMUOExpq0i0EC/jc3HxWbpC8sbZL+8eG544NEJs8CS+w==",
      "dev": true,
      "engines": {
        "node": ">=10"
      }
    },
    "node_modules/@uniswap/lib": {
      "version": "4.0.1-alpha",
      "resolved": "https://registry.npmjs.org/@uniswap/lib/-/lib-4.0.1-alpha.tgz",
      "integrity": "sha512-f6UIliwBbRsgVLxIaBANF6w09tYqc6Y/qXdsrbEmXHyFA7ILiKrIwRFXe1yOg8M3cksgVsO9N7yuL2DdCGQKBA==",
      "dev": true,
      "engines": {
        "node": ">=10"
      }
    }
  }
}
