{
  "name": "@pancakeswap/v3-periphery",
  "version": "1.0.2",
  "lockfileVersion": 3,
  "requires": true,
  "packages": {
    "": {
      "name": "@pancakeswap/v3-periphery",
      "version": "1.0.2",
      "license": "GPL-2.0-or-later",
      "dependencies": {
        "@openzeppelin/contracts": "3.4.2-solc-0.7"
      },
      "engines": {
        "node": ">=10"
      }
    },
    "node_modules/@openzeppelin/contracts": {
      "version": "3.4.2-solc-0.7",
      "resolved": "https://registry.npmjs.org/@openzeppelin/contracts/-/contracts-3.4.2-solc-0.7.tgz",
      "integrity": "sha512-W6QmqgkADuFcTLzHL8vVoNBtkwjvQRpYIAom7KiUNoLKghyx3FgH0GBjt8NRvigV1ZmMOBllvE1By1C+bi8WpA=="
    }
  }
}
